
Microsoft Visual Studio Solution File, Format Version 12.00
# Visual Studio 15
VisualStudioVersion = 15.0.27703.2026
MinimumVisualStudioVersion = 10.0.40219.1
Project("{888888A0-9F3D-457C-B088-3A5042F75D52}") = "cryptoCurrencyTrade", "cryptoCurrencyTrade\cryptoCurrencyTrade.pyproj", "{99C7D043-767F-4942-998B-D37B0EAB35E7}"
EndProject
Global
	GlobalSection(SolutionConfigurationPlatforms) = preSolution
		Debug|Any CPU = Debug|Any CPU
		Release|Any CPU = Release|Any CPU
	EndGlobalSection
	GlobalSection(ProjectConfigurationPlatforms) = postSolution
		{99C7D043-767F-4942-998B-D37B0EAB35E7}.Debug|Any CPU.ActiveCfg = Debug|Any CPU
		{99C7D043-767F-4942-998B-D37B0EAB35E7}.Release|Any CPU.ActiveCfg = Release|Any CPU
	EndGlobalSection
	GlobalSection(SolutionProperties) = preSolution
		HideSolutionNode = FALSE
	EndGlobalSection
	GlobalSection(ExtensibilityGlobals) = postSolution
		SolutionGuid = {41EF74AC-526F-473B-8A06-86B2C4FDB20B}
	EndGlobalSection
EndGlobal
